cloud.google.com/go v0.115.0 h1:CnFSK6Xo3lDYRoBKEcAtia6VSC837/ZkJuRduSFnr14=
cloud.google.com/go/auth v0.7.0 h1:kf/x9B3WTbBUHkC+1VS8wwwli9TzhSt0vSTVBmMR8Ts=
cloud.google.com/go/auth/oauth2adapt v0.2.2 h1:+TTV8aXpjeChS9M+aTtN/TjdQnzJvmzKFt//oWu7HX4=
cloud.google.com/go/compute/metadata v0.4.0 h1:vHzJCWaM4g8XIcm8kopr3XmDA4Gy/lblD3EhhSux05c=
cloud.google.com/go/firestore v1.15.0 h1:/k8ppuWOtNuDHt2tsRV42yI21uaGnKDEQnRFeBpbFF8=
cloud.google.com/go/iam v1.1.10 h1:ZSAr64oEhQSClwBL670MsJAW5/RLiC6kfw3Bqmd5ZDI=
cloud.google.com/go/longrunning v0.5.9 h1:haH9pAuXdPAMqHvzX0zlWQigXT7B0+CL4/2nXXdBo5k=
cloud.google.com/go/storage v1.43.0 h1:CcxnSohZwizt4LCzQHWvBf1/kvtHUn7gk9QERXPyXFs=
firebase.google.com/go/v4 v4.12.0 h1:I6dCkcWUMFNkFdWgzlf8SLWecQnKdFgJhMv5fT9l1qI=
github.com/MicahParks/keyfunc v1.9.0 h1:lhKd5xrFHLNOWrDc4Tyb/Q1AJ4LCzQ48GVJyVIID3+o=
github.com/davecgh/go-spew v1.1.2-0.20180830191138-d8f796af33cc h1:U9qPSI2PIWSS1VwoXQT9A3Wy9MM3WgvqSxFWenqJduM=
github.com/felixge/httpsnoop v1.0.4 h1:NFTV2Zj1bL4mc9sqWACXbQFVBBg2W3GPvqp8/ESS2Wg=
github.com/go-logr/logr v1.4.2 h1:6pFjapn8bFcIbiKo3XT4j/BhANplGihG6tvd+8rYgrY=
github.com/go-logr/stdr v1.2.2 h1:hSWxHoqTgW2S2qGc0LTAI563KZ5YKYRhT3MFKZMbjag=
github.com/golang-jwt/jwt/v4 v4.4.2/go.mod h1:m21LjoU+eqJr34lmDMbreY2eSTRJ1cv77w39/MY0Ch0=
github.com/golang-jwt/jwt/v4 v4.5.0 h1:7cYmW1XlMY7h7ii7UhUyChSgS5wUJEnm9uZVTGqOWzg=
github.com/golang/groupcache v0.0.0-20210331224755-41bb18bfe9da h1:oI5xCqsCo564l8iNU+DwB5epxmsaqB+rhGL0m5jtYqE=
github.com/golang/protobuf v1.5.4 h1:i7eJL8qZTpSEXOPTxNKhASYpMn+8e5Q6AdndVa1dWek=
github.com/google/go-cmp v0.6.0 h1:ofyhxvXcZhMsU5ulbFiLKl/XBFqE1GSq7atu8tAmTRI=
github.com/google/martian/v3 v3.3.3 h1:DIhPTQrbPkgs2yJYdXU/eNACCG5DVQjySNRNlflZ9Fc=
github.com/google/s2a-go v0.1.7 h1:60BLSyTrOV4/haCDW4zb1guZItoSq8foHCXrAnjBo/o=
github.com/google/uuid v1.6.0 h1:NIvaJDMOsjHA8n1jAhLSgzrAzy1Hgr+hNrb57e+94F0=
github.com/googleapis/enterprise-certificate-proxy v0.3.2 h1:Vie5ybvEvT75RniqhfFxPRy3Bf7vr3h0cechB90XaQs=
github.com/googleapis/gax-go/v2 v2.12.5 h1:8gw9KZK8TiVKB6q3zHY3SBzLnrGp6HQjyfYBYGmXdxA=
github.com/pmezard/go-difflib v1.0.1-0.20181226105442-5d4384ee4fb2 h1:Jamvg5psRIccs7FGNTlIRMkT8wgtp5eCXdBlqhYGL6U=
github.com/stretchr/testify v1.9.0 h1:HtqpIVDClZ4nwg75+f6Lvsy/wHu+3BoSGCbBAcpTsTg=
go.opencensus.io v0.24.0 h1:y73uSU6J157QMP2kn2r30vwW1A2W2WFwSCGnAVxeaD0=
go.opentelemetry.io/contrib/instrumentation/google.golang.org/grpc/otelgrpc v0.49.0 h1:4Pp6oUg3+e/6M4C0A/3kJ2VYa++dsWVTtGgLVj5xtHg=
go.opentelemetry.io/contrib/instrumentation/net/http/otelhttp v0.49.0 h1:jq9TW8u3so/bN+JPT166wjOI6/vQPF6Xe7nMNIltagk=
go.opentelemetry.io/otel v1.28.0 h1:/SqNcYk+idO0CxKEUOtKQClMK/MimZihKYMruSMViUo=
go.opentelemetry.io/otel/metric v1.28.0 h1:f0HGvSl1KRAU1DLgLGFjrwVyismPlnuU6JD6bOeuA5Q=
go.opentelemetry.io/otel/sdk v1.28.0 h1:b9d7hIry8yZsgtbmM0DKyPWMMUMlK9NEKuIG4aBqWyE=
go.opentelemetry.io/otel/trace v1.28.0 h1:GhQ9cUuQGmNDd5BTCP2dAvv75RdMxEfTmYejp+lkx9g=
golang.org/x/crypto v0.28.0 h1:GBDwsMXVQi34v5CCYUm2jkJvu4cbtru2U4TN2PSyQnw=
golang.org/x/net v0.0.0-20220708220712-1185a9018129/go.mod h1:XRhObCWvk6IyKnWLug+ECip1KBveYUHfp+8e9klMJ9c=
golang.org/x/net v0.30.0 h1:AcW1SDZMkb8IpzCdQUaIq2sP4sZ4zw+55h6ynffypl4=
golang.org/x/oauth2 v0.21.0 h1:tsimM75w1tF/uws5rbeHzIWxEqElMehnc+iW793zsZs=
golang.org/x/sync v0.8.0 h1:3NFvSEYkUoMifnESzZl15y791HH1qU2xm6eCJU5ZPXQ=
golang.org/x/sys v0.26.0 h1:KHjCJyddX0LoSTb3J+vWpupP9p0oznkqVk/IfjymZbo=
golang.org/x/text v0.19.0 h1:kTxAhCbGbxhK0IwgSKiMO5awPoDQ0RpfiVYBfK860YM=
golang.org/x/time v0.6.0 h1:eTDhh4ZXt5Qf0augr54TN6suAUudPcawVZeIAPU7D4U=
google.golang.org/api v0.188.0 h1:51y8fJ/b1AaaBRJr4yWm96fPcuxSo0JcegXE3DaHQHw=
google.golang.org/appengine/v2 v2.0.2 h1:MSqyWy2shDLwG7chbwBJ5uMyw6SNqJzhJHNDwYB0Akk=
google.golang.org/genproto v0.0.0-20240708141625-4ad9e859172b h1:dSTjko30weBaMj3eERKc0ZVXW4GudCswM3m+P++ukU0=
google.golang.org/genproto/googleapis/api v0.0.0-20240701130421-f6361c86f094 h1:0+ozOGcrp+Y8Aq8TLNN2Aliibms5LEzsq99ZZmAGYm0=
google.golang.org/genproto/googleapis/rpc v0.0.0-20240708141625-4ad9e859172b h1:04+jVzTs2XBnOZcPsLnmrTGqltqJbZQ1Ey26hjYdQQ0=
google.golang.org/grpc v1.64.1 h1:LKtvyfbX3UGVPFcGqJ9ItpVWW6oN/2XqTxfAnwRRXiA=
google.golang.org/protobuf v1.34.2 h1:6xV6lTsCfpGD21XK49h7MhtcApnLqkfYgPcdHftf6hg=
gopkg.in/yaml.v3 v3.0.1 h1:fxVm/GzAzEWqLHuvctI91KS9hhNmmWOoWu0XTYJS7CA=
